
Microsoft Visual Studio Solution File, Format Version 12.00
# Visual Studio Version 17
VisualStudioVersion = 17.7.34031.279
MinimumVisualStudioVersion = 10.0.40219.1
Project("{9A19103F-16F7-4668-BE54-9A1E7A4F7556}") = "NotificationServiceServer", "NotificationServiceServer.csproj", "{A0FC8133-0B74-4856-B295-5F50FF4D5761}"
EndProject
Project("{FAE04EC0-301F-11D3-BF4B-00C04F79EFBC}") = "RabbitMQUtils", "..\RabbitMQUtils\RabbitMQUtils.csproj", "{74072EF8-07A7-44E2-B239-CAB4E14C66E9}"
EndProject
Global
	GlobalSection(SolutionConfigurationPlatforms) = preSolution
		Debug|Any CPU = Debug|Any CPU
		Release|Any CPU = Release|Any CPU
	EndGlobalSection
	GlobalSection(ProjectConfigurationPlatforms) = postSolution
		{A0FC8133-0B74-4856-B295-5F50FF4D5761}.Debug|Any CPU.ActiveCfg = Debug|Any CPU
		{A0FC8133-0B74-4856-B295-5F50FF4D5761}.Debug|Any CPU.Build.0 = Debug|Any CPU
		{A0FC8133-0B74-4856-B295-5F50FF4D5761}.Release|Any CPU.ActiveCfg = Release|Any CPU
		{A0FC8133-0B74-4856-B295-5F50FF4D5761}.Release|Any CPU.Build.0 = Release|Any CPU
		{74072EF8-07A7-44E2-B239-CAB4E14C66E9}.Debug|Any CPU.ActiveCfg = Debug|Any CPU
		{74072EF8-07A7-44E2-B239-CAB4E14C66E9}.Debug|Any CPU.Build.0 = Debug|Any CPU
		{74072EF8-07A7-44E2-B239-CAB4E14C66E9}.Release|Any CPU.ActiveCfg = Release|Any CPU
		{74072EF8-07A7-44E2-B239-CAB4E14C66E9}.Release|Any CPU.Build.0 = Release|Any CPU
	EndGlobalSection
	GlobalSection(SolutionProperties) = preSolution
		HideSolutionNode = FALSE
	EndGlobalSection
	GlobalSection(ExtensibilityGlobals) = postSolution
		SolutionGuid = {DC1A6BB8-5FF6-4CAD-B0BC-7F7C081F9F2B}
	EndGlobalSection
EndGlobal
